// !$*UTF8*$!
{
	archiveVersion = 1;
	classes = {
	};
	objectVersion = 70;
	objects = {

/* Begin PBXBuildFile section */
		A01 /* AssetScannerApp.swift in Sources */ = {isa = PBXBuildFile; fileRef = B01 /* AssetScannerApp.swift */; };
		A02 /* ContentView.swift in Sources */ = {isa = PBXBuildFile; fileRef = B02 /* ContentView.swift */; };
		A03 /* AssetDetailView.swift in Sources */ = {isa = PBXBuildFile; fileRef = B03 /* AssetDetailView.swift */; };
		A04 /* AssetListView.swift in Sources */ = {isa = PBXBuildFile; fileRef = B04 /* AssetListView.swift */; };
		A05 /* HistoryView.swift in Sources */ = {isa = PBXBuildFile; fileRef = B05 /* HistoryView.swift */; };
		A06 /* ScanView.swift in Sources */ = {isa = PBXBuildFile; fileRef = B06 /* ScanView.swift */; };
		A07 /* Asset.swift in Sources */ = {isa = PBXBuildFile; fileRef = B07 /* Asset.swift */; };
		A08 /* OperationRecord.swift in Sources */ = {isa = PBXBuildFile; fileRef = B08 /* OperationRecord.swift */; };
		A09 /* AssetViewModel.swift in Sources */ = {isa = PBXBuildFile; fileRef = B09 /* AssetViewModel.swift */; };
		A10 /* ExcelService.swift in Sources */ = {isa = PBXBuildFile; fileRef = B10 /* ExcelService.swift */; };
		A11 /* BarcodeScannerService.swift in Sources */ = {isa = PBXBuildFile; fileRef = B11 /* BarcodeScannerService.swift */; };
		A12 /* StorageService.swift in Sources */ = {isa = PBXBuildFile; fileRef = B12 /* StorageService.swift */; };
		A13 /* CameraScannerView.swift in Sources */ = {isa = PBXBuildFile; fileRef = B13 /* CameraScannerView.swift */; };
		A14 /* LaunchScreen.storyboard in Resources */ = {isa = PBXBuildFile; fileRef = B14 /* LaunchScreen.storyboard */; };
		A15 /* Assets.xcassets in Resources */ = {isa = PBXBuildFile; fileRef = B15 /* Assets.xcassets */; };
		A16 /* RemindersService.swift in Sources */ = {isa = PBXBuildFile; fileRef = B16 /* RemindersService.swift */; };
		A17 /* AssetSource.swift in Sources */ = {isa = PBXBuildFile; fileRef = B17 /* AssetSource.swift */; };
		A18 /* AssetManagementView.swift in Sources */ = {isa = PBXBuildFile; fileRef = B18 /* AssetManagementView.swift */; };
		A19 /* LanguageManager.swift in Sources */ = {isa = PBXBuildFile; fileRef = B19 /* LanguageManager.swift */; };
		A20 /* FileBasediCloudSyncService.swift in Sources */ = {isa = PBXBuildFile; fileRef = B20 /* FileBasediCloudSyncService.swift */; };
/* End PBXBuildFile section */

/* Begin PBXContainerItemProxy section */
		D036C37D2FA4C958007F6BC1 /* PBXContainerItemProxy */ = {
			isa = PBXContainerItemProxy;
			containerPortal = J01 /* Project object */;
			proxyType = 1;
			remoteGlobalIDString = D036C36F2FA4C958007F6BC1;
			remoteInfo = AssetManager;
		};
		D036C3872FA4C958007F6BC1 /* PBXContainerItemProxy */ = {
			isa = PBXContainerItemProxy;
			containerPortal = J01 /* Project object */;
			proxyType = 1;
			remoteGlobalIDString = D036C36F2FA4C958007F6BC1;
			remoteInfo = AssetManager;
		};
/* End PBXContainerItemProxy section */

/* Begin PBXFileReference section */
		B01 /* AssetScannerApp.swift */ = {isa = PBXFileReference; lastKnownFileType = sourcecode.swift; path = AssetScannerApp.swift; sourceTree = "<group>"; };
		B02 /* ContentView.swift */ = {isa = PBXFileReference; lastKnownFileType = sourcecode.swift; path = ContentView.swift; sourceTree = "<group>"; };
		B03 /* AssetDetailView.swift */ = {isa = PBXFileReference; lastKnownFileType = sourcecode.swift; path = AssetDetailView.swift; sourceTree = "<group>"; };
		B04 /* AssetListView.swift */ = {isa = PBXFileReference; lastKnownFileType = sourcecode.swift; path = AssetListView.swift; sourceTree = "<group>"; };
		B05 /* HistoryView.swift */ = {isa = PBXFileReference; lastKnownFileType = sourcecode.swift; path = HistoryView.swift; sourceTree = "<group>"; };
		B06 /* ScanView.swift */ = {isa = PBXFileReference; lastKnownFileType = sourcecode.swift; path = ScanView.swift; sourceTree = "<group>"; };
		B07 /* Asset.swift */ = {isa = PBXFileReference; lastKnownFileType = sourcecode.swift; path = Asset.swift; sourceTree = "<group>"; };
		B08 /* OperationRecord.swift */ = {isa = PBXFileReference; lastKnownFileType = sourcecode.swift; path = OperationRecord.swift; sourceTree = "<group>"; };
		B09 /* AssetViewModel.swift */ = {isa = PBXFileReference; lastKnownFileType = sourcecode.swift; path = AssetViewModel.swift; sourceTree = "<group>"; };
		B10 /* ExcelService.swift */ = {isa = PBXFileReference; lastKnownFileType = sourcecode.swift; path = ExcelService.swift; sourceTree = "<group>"; };
		B11 /* BarcodeScannerService.swift */ = {isa = PBXFileReference; lastKnownFileType = sourcecode.swift; path = BarcodeScannerService.swift; sourceTree = "<group>"; };
		B12 /* StorageService.swift */ = {isa = PBXFileReference; lastKnownFileType = sourcecode.swift; path = StorageService.swift; sourceTree = "<group>"; };
		B13 /* CameraScannerView.swift */ = {isa = PBXFileReference; lastKnownFileType = sourcecode.swift; path = CameraScannerView.swift; sourceTree = "<group>"; };
		B14 /* LaunchScreen.storyboard */ = {isa = PBXFileReference; lastKnownFileType = file.storyboard; path = LaunchScreen.storyboard; sourceTree = "<group>"; };
		B15 /* Assets.xcassets */ = {isa = PBXFileReference; lastKnownFileType = folder.assetcatalog; path = Assets.xcassets; sourceTree = "<group>"; };
		B16 /* RemindersService.swift */ = {isa = PBXFileReference; lastKnownFileType = sourcecode.swift; path = RemindersService.swift; sourceTree = "<group>"; };
		B17 /* AssetSource.swift */ = {isa = PBXFileReference; lastKnownFileType = sourcecode.swift; path = AssetSource.swift; sourceTree = "<group>"; };
		B18 /* AssetManagementView.swift */ = {isa = PBXFileReference; lastKnownFileType = sourcecode.swift; path = AssetManagementView.swift; sourceTree = "<group>"; };
		B19 /* LanguageManager.swift */ = {isa = PBXFileReference; lastKnownFileType = sourcecode.swift; path = LanguageManager.swift; sourceTree = "<group>"; };
		B20 /* FileBasediCloudSyncService.swift */ = {isa = PBXFileReference; lastKnownFileType = sourcecode.swift; path = FileBasediCloudSyncService.swift; sourceTree = "<group>"; };
		C01 /* AssetScanner.app */ = {isa = PBXFileReference; explicitFileType = wrapper.application; includeInIndex = 0; path = AssetScanner.app; sourceTree = BUILT_PRODUCTS_DIR; };
		D036C3702FA4C958007F6BC1 /* AssetManager.app */ = {isa = PBXFileReference; explicitFileType = wrapper.application; includeInIndex = 0; path = AssetManager.app; sourceTree = BUILT_PRODUCTS_DIR; };
		D036C37C2FA4C958007F6BC1 /* AssetManagerTests.xctest */ = {isa = PBXFileReference; explicitFileType = wrapper.cfbundle; includeInIndex = 0; path = AssetManagerTests.xctest; sourceTree = BUILT_PRODUCTS_DIR; };
		D036C3862FA4C958007F6BC1 /* AssetManagerUITests.xctest */ = {isa = PBXFileReference; explicitFileType = wrapper.cfbundle; includeInIndex = 0; path = AssetManagerUITests.xctest; sourceTree = BUILT_PRODUCTS_DIR; };
/* End PBXFileReference section */

/* Begin PBXFileSystemSynchronizedRootGroup section */
		D036C3712FA4C958007F6BC1 /* AssetManager */ = {isa = PBXFileSystemSynchronizedRootGroup; explicitFileTypes = {}; explicitFolders = (); path = AssetManager; sourceTree = "<group>"; };
		D036C37F2FA4C958007F6BC1 /* AssetManagerTests */ = {isa = PBXFileSystemSynchronizedRootGroup; explicitFileTypes = {}; explicitFolders = (); path = AssetManagerTests; sourceTree = "<group>"; };
		D036C3892FA4C958007F6BC1 /* AssetManagerUITests */ = {isa = PBXFileSystemSynchronizedRootGroup; explicitFileTypes = {}; explicitFolders = (); path = AssetManagerUITests; sourceTree = "<group>"; };
/* End PBXFileSystemSynchronizedRootGroup section */

/* Begin PBXFrameworksBuildPhase section */
		D01 /* Frameworks */ = {
			isa = PBXFrameworksBuildPhase;
			buildActionMask = 2147483647;
			files = (
			);
			runOnlyForDeploymentPostprocessing = 0;
		};
		D036C36D2FA4C958007F6BC1 /* Frameworks */ = {
			isa = PBXFrameworksBuildPhase;
			buildActionMask = 2147483647;
			files = (
			);
			runOnlyForDeploymentPostprocessing = 0;
		};
		D036C3792FA4C958007F6BC1 /* Frameworks */ = {
			isa = PBXFrameworksBuildPhase;
			buildActionMask = 2147483647;
			files = (
			);
			runOnlyForDeploymentPostprocessing = 0;
		};
		D036C3832FA4C958007F6BC1 /* Frameworks */ = {
			isa = PBXFrameworksBuildPhase;
			buildActionMask = 2147483647;
			files = (
			);
			runOnlyForDeploymentPostprocessing = 0;
		};
/* End PBXFrameworksBuildPhase section */

/* Begin PBXGroup section */
		E01 = {
			isa = PBXGroup;
			children = (
				E02 /* AssetScanner */,
				D036C3712FA4C958007F6BC1 /* AssetManager */,
				D036C37F2FA4C958007F6BC1 /* AssetManagerTests */,
				D036C3892FA4C958007F6BC1 /* AssetManagerUITests */,
				E03 /* Products */,
			);
			sourceTree = "<group>";
		};
		E02 /* AssetScanner */ = {
			isa = PBXGroup;
			children = (
				E04 /* Models */,
				E05 /* ViewModels */,
				E06 /* Views */,
				E07 /* Services */,
				B01 /* AssetScannerApp.swift */,
				B14 /* LaunchScreen.storyboard */,
				B15 /* Assets.xcassets */,
			);
			path = AssetScanner;
			sourceTree = "<group>";
		};
		E03 /* Products */ = {
			isa = PBXGroup;
			children = (
				C01 /* AssetScanner.app */,
				D036C3702FA4C958007F6BC1 /* AssetManager.app */,
				D036C37C2FA4C958007F6BC1 /* AssetManagerTests.xctest */,
				D036C3862FA4C958007F6BC1 /* AssetManagerUITests.xctest */,
			);
			name = Products;
			sourceTree = "<group>";
		};
		E04 /* Models */ = {
			isa = PBXGroup;
			children = (
				B07 /* Asset.swift */,
				B08 /* OperationRecord.swift */,
				B17 /* AssetSource.swift */,
			);
			path = Models;
			sourceTree = "<group>";
		};
		E05 /* ViewModels */ = {
			isa = PBXGroup;
			children = (
				B09 /* AssetViewModel.swift */,
			);
			path = ViewModels;
			sourceTree = "<group>";
		};
		E06 /* Views */ = {
			isa = PBXGroup;
			children = (
				B02 /* ContentView.swift */,
				B03 /* AssetDetailView.swift */,
				B04 /* AssetListView.swift */,
				B05 /* HistoryView.swift */,
				B06 /* ScanView.swift */,
				B13 /* CameraScannerView.swift */,
				B18 /* AssetManagementView.swift */,
			);
			path = Views;
			sourceTree = "<group>";
		};
		E07 /* Services */ = {
			isa = PBXGroup;
			children = (
				B10 /* ExcelService.swift */,
				B11 /* BarcodeScannerService.swift */,
				B12 /* StorageService.swift */,
				B16 /* RemindersService.swift */,
				B19 /* LanguageManager.swift */,
				B20 /* FileBasediCloudSyncService.swift */,
			);
			path = Services;
			sourceTree = "<group>";
		};
/* End PBXGroup section */

/* Begin PBXNativeTarget section */
		D036C36F2FA4C958007F6BC1 /* AssetManager */ = {
			isa = PBXNativeTarget;
			buildConfigurationList = D036C38E2FA4C958007F6BC1 /* Build configuration list for PBXNativeTarget "AssetManager" */;
			buildPhases = (
				D036C36C2FA4C958007F6BC1 /* Sources */,
				D036C36D2FA4C958007F6BC1 /* Frameworks */,
				D036C36E2FA4C958007F6BC1 /* Resources */,
			);
			buildRules = (
			);
			dependencies = (
			);
			fileSystemSynchronizedGroups = (
				D036C3712FA4C958007F6BC1 /* AssetManager */,
			);
			name = AssetManager;
			packageProductDependencies = (
			);
			productName = AssetManager;
			productReference = D036C3702FA4C958007F6BC1 /* AssetManager.app */;
			productType = "com.apple.product-type.application";
		};
		D036C37B2FA4C958007F6BC1 /* AssetManagerTests */ = {
			isa = PBXNativeTarget;
			buildConfigurationList = D036C3912FA4C958007F6BC1 /* Build configuration list for PBXNativeTarget "AssetManagerTests" */;
			buildPhases = (
				D036C3782FA4C958007F6BC1 /* Sources */,
				D036C3792FA4C958007F6BC1 /* Frameworks */,
				D036C37A2FA4C958007F6BC1 /* Resources */,
			);
			buildRules = (
			);
			dependencies = (
				D036C37E2FA4C958007F6BC1 /* PBXTargetDependency */,
			);
			fileSystemSynchronizedGroups = (
				D036C37F2FA4C958007F6BC1 /* AssetManagerTests */,
			);
			name = AssetManagerTests;
			packageProductDependencies = (
			);
			productName = AssetManagerTests;
			productReference = D036C37C2FA4C958007F6BC1 /* AssetManagerTests.xctest */;
			productType = "com.apple.product-type.bundle.unit-test";
		};
		D036C3852FA4C958007F6BC1 /* AssetManagerUITests */ = {
			isa = PBXNativeTarget;
			buildConfigurationList = D036C3942FA4C958007F6BC1 /* Build configuration list for PBXNativeTarget "AssetManagerUITests" */;
			buildPhases = (
				D036C3822FA4C958007F6BC1 /* Sources */,
				D036C3832FA4C958007F6BC1 /* Frameworks */,
				D036C3842FA4C958007F6BC1 /* Resources */,
			);
			buildRules = (
			);
			dependencies = (
				D036C3882FA4C958007F6BC1 /* PBXTargetDependency */,
			);
			fileSystemSynchronizedGroups = (
				D036C3892FA4C958007F6BC1 /* AssetManagerUITests */,
			);
			name = AssetManagerUITests;
			packageProductDependencies = (
			);
			productName = AssetManagerUITests;
			productReference = D036C3862FA4C958007F6BC1 /* AssetManagerUITests.xctest */;
			productType = "com.apple.product-type.bundle.ui-testing";
		};
		F01 /* AssetScanner */ = {
			isa = PBXNativeTarget;
			buildConfigurationList = G01 /* Build configuration list for PBXNativeTarget "AssetScanner" */;
			buildPhases = (
				D01 /* Frameworks */,
				H01 /* Sources */,
				I01 /* Resources */,
			);
			buildRules = (
			);
			dependencies = (
			);
			name = AssetScanner;
			productName = AssetScanner;
			productReference = C01 /* AssetScanner.app */;
			productType = "com.apple.product-type.application";
		};
/* End PBXNativeTarget section */

/* Begin PBXProject section */
		J01 /* Project object */ = {
			isa = PBXProject;
			attributes = {
				BuildIndependentTargetsInParallel = 1;
				LastSwiftUpdateCheck = 2630;
				LastUpgradeCheck = 2630;
				TargetAttributes = {
					D036C36F2FA4C958007F6BC1 = {
						CreatedOnToolsVersion = 26.3;
					};
					D036C37B2FA4C958007F6BC1 = {
						CreatedOnToolsVersion = 26.3;
						TestTargetID = D036C36F2FA4C958007F6BC1;
					};
					D036C3852FA4C958007F6BC1 = {
						CreatedOnToolsVersion = 26.3;
						TestTargetID = D036C36F2FA4C958007F6BC1;
					};
					F01 = {
						CreatedOnToolsVersion = 15.0;
					};
				};
			};
			buildConfigurationList = K01 /* Build configuration list for PBXProject "AssetScanner" */;
			compatibilityVersion = "Xcode 14.0";
			developmentRegion = "zh-Hans";
			hasScannedForEncodings = 0;
			knownRegions = (
				en,
				base,
				"zh-Hans",
			);
			mainGroup = E01;
			productRefGroup = E03 /* Products */;
			projectDirPath = "";
			projectRoot = "";
			targets = (
				F01 /* AssetScanner */,
				D036C36F2FA4C958007F6BC1 /* AssetManager */,
				D036C37B2FA4C958007F6BC1 /* AssetManagerTests */,
				D036C3852FA4C958007F6BC1 /* AssetManagerUITests */,
			);
		};
/* End PBXProject section */

/* Begin PBXResourcesBuildPhase section */
		D036C36E2FA4C958007F6BC1 /* Resources */ = {
			isa = PBXResourcesBuildPhase;
			buildActionMask = 2147483647;
			files = (
			);
			runOnlyForDeploymentPostprocessing = 0;
		};
		D036C37A2FA4C958007F6BC1 /* Resources */ = {
			isa = PBXResourcesBuildPhase;
			buildActionMask = 2147483647;
			files = (
			);
			runOnlyForDeploymentPostprocessing = 0;
		};
		D036C3842FA4C958007F6BC1 /* Resources */ = {
			isa = PBXResourcesBuildPhase;
			buildActionMask = 2147483647;
			files = (
			);
			runOnlyForDeploymentPostprocessing = 0;
		};
		I01 /* Resources */ = {
			isa = PBXResourcesBuildPhase;
			buildActionMask = 2147483647;
			files = (
				A14 /* LaunchScreen.storyboard in Resources */,
				A15 /* Assets.xcassets in Resources */,
			);
			runOnlyForDeploymentPostprocessing = 0;
		};
/* End PBXResourcesBuildPhase section */

/* Begin PBXSourcesBuildPhase section */
		D036C36C2FA4C958007F6BC1 /* Sources */ = {
			isa = PBXSourcesBuildPhase;
			buildActionMask = 2147483647;
			files = (
			);
			runOnlyForDeploymentPostprocessing = 0;
		};
		D036C3782FA4C958007F6BC1 /* Sources */ = {
			isa = PBXSourcesBuildPhase;
			buildActionMask = 2147483647;
			files = (
			);
			runOnlyForDeploymentPostprocessing = 0;
		};
		D036C3822FA4C958007F6BC1 /* Sources */ = {
			isa = PBXSourcesBuildPhase;
			buildActionMask = 2147483647;
			files = (
			);
			runOnlyForDeploymentPostprocessing = 0;
		};
		H01 /* Sources */ = {
			isa = PBXSourcesBuildPhase;
			buildActionMask = 2147483647;
			files = (
				A01 /* AssetScannerApp.swift in Sources */,
				A02 /* ContentView.swift in Sources */,
				A03 /* AssetDetailView.swift in Sources */,
				A04 /* AssetListView.swift in Sources */,
				A05 /* HistoryView.swift in Sources */,
				A06 /* ScanView.swift in Sources */,
				A07 /* Asset.swift in Sources */,
				A08 /* OperationRecord.swift in Sources */,
				A09 /* AssetViewModel.swift in Sources */,
				A10 /* ExcelService.swift in Sources */,
				A11 /* BarcodeScannerService.swift in Sources */,
				A12 /* StorageService.swift in Sources */,
				A13 /* CameraScannerView.swift in Sources */,
				A16 /* RemindersService.swift in Sources */,
				A17 /* AssetSource.swift in Sources */,
				A18 /* AssetManagementView.swift in Sources */,
				A19 /* LanguageManager.swift in Sources */,
				A20 /* FileBasediCloudSyncService.swift in Sources */,
			);
			runOnlyForDeploymentPostprocessing = 0;
		};
/* End PBXSourcesBuildPhase section */

/* Begin PBXTargetDependency section */
		D036C37E2FA4C958007F6BC1 /* PBXTargetDependency */ = {
			isa = PBXTargetDependency;
			target = D036C36F2FA4C958007F6BC1 /* AssetManager */;
			targetProxy = D036C37D2FA4C958007F6BC1 /* PBXContainerItemProxy */;
		};
		D036C3882FA4C958007F6BC1 /* PBXTargetDependency */ = {
			isa = PBXTargetDependency;
			target = D036C36F2FA4C958007F6BC1 /* AssetManager */;
			targetProxy = D036C3872FA4C958007F6BC1 /* PBXContainerItemProxy */;
		};
/* End PBXTargetDependency section */

/* Begin XCBuildConfiguration section */
		D036C38F2FA4C958007F6BC1 /* Debug */ = {
			isa = XCBuildConfiguration;
			buildSettings = {
				ASSETCATALOG_COMPILER_APPICON_NAME = AppIcon;
				ASSETCATALOG_COMPILER_GLOBAL_ACCENT_COLOR_NAME = AccentColor;
				AUTOMATION_APPLE_EVENTS = NO;
				CLANG_ANALYZER_NONNULL = YES;
				CLANG_ANALYZER_NUMBER_OBJECT_CONVERSION = YES_AGGRESSIVE;
				CLANG_CXX_LANGUAGE_STANDARD = "gnu++20";
				CLANG_ENABLE_OBJC_WEAK = YES;
				CLANG_WARN_DIRECT_OBJC_ISA_USAGE = YES_ERROR;
				CLANG_WARN_DOCUMENTATION_COMMENTS = YES;
				CLANG_WARN_OBJC_ROOT_CLASS = YES_ERROR;
				CLANG_WARN_UNGUARDED_AVAILABILITY = YES_AGGRESSIVE;
				CODE_SIGN_STYLE = Automatic;
				COMBINE_HIDPI_IMAGES = YES;
				CURRENT_PROJECT_VERSION = 1;
				DEVELOPMENT_TEAM = 2DC8PW8GNZ;
				ENABLE_APP_SANDBOX = YES;
				ENABLE_FILE_ACCESS_DOWNLOADS_FOLDER = readwrite;
				ENABLE_HARDENED_RUNTIME = YES;
				ENABLE_INCOMING_NETWORK_CONNECTIONS = YES;
				ENABLE_OUTGOING_NETWORK_CONNECTIONS = YES;
				ENABLE_PREVIEWS = YES;
				ENABLE_RESOURCE_ACCESS_AUDIO_INPUT = NO;
				ENABLE_RESOURCE_ACCESS_BLUETOOTH = NO;
				ENABLE_RESOURCE_ACCESS_CALENDARS = YES;
				ENABLE_RESOURCE_ACCESS_CAMERA = NO;
				ENABLE_RESOURCE_ACCESS_CONTACTS = NO;
				ENABLE_RESOURCE_ACCESS_LOCATION = NO;
				ENABLE_RESOURCE_ACCESS_PHOTO_LIBRARY = NO;
				ENABLE_RESOURCE_ACCESS_PRINTING = NO;
				ENABLE_RESOURCE_ACCESS_USB = NO;
				ENABLE_USER_SELECTED_FILES = readwrite;
				GCC_C_LANGUAGE_STANDARD = gnu17;
				INFOPLIST_FILE = Info.plist;
				INFOPLIST_KEY_NSHumanReadableCopyright = "";
				LD_RUNPATH_SEARCH_PATHS = (
					"$(inherited)",
					"@executable_path/../Frameworks",
				);
				LOCALIZATION_PREFERS_STRING_CATALOGS = YES;
				MACOSX_DEPLOYMENT_TARGET = 15.6;
				MARKETING_VERSION = 1.0;
				MTL_FAST_MATH = YES;
				PRODUCT_BUNDLE_IDENTIFIER = honghaoliu.AssetManager;
				PRODUCT_NAME = "$(TARGET_NAME)";
				REGISTER_APP_GROUPS = YES;
				RUNTIME_EXCEPTION_ALLOW_DYLD_ENVIRONMENT_VARIABLES = NO;
				RUNTIME_EXCEPTION_ALLOW_JIT = NO;
				RUNTIME_EXCEPTION_ALLOW_UNSIGNED_EXECUTABLE_MEMORY = NO;
				RUNTIME_EXCEPTION_DEBUGGING_TOOL = NO;
				RUNTIME_EXCEPTION_DISABLE_EXECUTABLE_PAGE_PROTECTION = NO;
				RUNTIME_EXCEPTION_DISABLE_LIBRARY_VALIDATION = NO;
				SDKROOT = macosx;
				STRING_CATALOG_GENERATE_SYMBOLS = YES;
				SWIFT_ACTIVE_COMPILATION_CONDITIONS = "DEBUG $(inherited)";
				SWIFT_APPROACHABLE_CONCURRENCY = YES;
				SWIFT_DEFAULT_ACTOR_ISOLATION = MainActor;
				SWIFT_EMIT_LOC_STRINGS = YES;
				SWIFT_OPTIMIZATION_LEVEL = "-Onone";
				SWIFT_UPCOMING_FEATURE_MEMBER_IMPORT_VISIBILITY = YES;
				SWIFT_VERSION = 5.0;
			};
			name = Debug;
		};
		D036C3902FA4C958007F6BC1 /* Release */ = {
			isa = XCBuildConfiguration;
			buildSettings = {
				ASSETCATALOG_COMPILER_APPICON_NAME = AppIcon;
				ASSETCATALOG_COMPILER_GLOBAL_ACCENT_COLOR_NAME = AccentColor;
				AUTOMATION_APPLE_EVENTS = NO;
				CLANG_ANALYZER_NONNULL = YES;
				CLANG_ANALYZER_NUMBER_OBJECT_CONVERSION = YES_AGGRESSIVE;
				CLANG_CXX_LANGUAGE_STANDARD = "gnu++20";
				CLANG_ENABLE_OBJC_WEAK = YES;
				CLANG_WARN_DIRECT_OBJC_ISA_USAGE = YES_ERROR;
				CLANG_WARN_DOCUMENTATION_COMMENTS = YES;
				CLANG_WARN_OBJC_ROOT_CLASS = YES_ERROR;
				CLANG_WARN_UNGUARDED_AVAILABILITY = YES_AGGRESSIVE;
				CODE_SIGN_STYLE = Automatic;
				COMBINE_HIDPI_IMAGES = YES;
				CURRENT_PROJECT_VERSION = 1;
				DEVELOPMENT_TEAM = 2DC8PW8GNZ;
				ENABLE_APP_SANDBOX = YES;
				ENABLE_FILE_ACCESS_DOWNLOADS_FOLDER = readwrite;
				ENABLE_HARDENED_RUNTIME = YES;
				ENABLE_INCOMING_NETWORK_CONNECTIONS = YES;
				ENABLE_OUTGOING_NETWORK_CONNECTIONS = YES;
				ENABLE_PREVIEWS = YES;
				ENABLE_RESOURCE_ACCESS_AUDIO_INPUT = NO;
				ENABLE_RESOURCE_ACCESS_BLUETOOTH = NO;
				ENABLE_RESOURCE_ACCESS_CALENDARS = YES;
				ENABLE_RESOURCE_ACCESS_CAMERA = NO;
				ENABLE_RESOURCE_ACCESS_CONTACTS = NO;
				ENABLE_RESOURCE_ACCESS_LOCATION = NO;
				ENABLE_RESOURCE_ACCESS_PHOTO_LIBRARY = NO;
				ENABLE_RESOURCE_ACCESS_PRINTING = NO;
				ENABLE_RESOURCE_ACCESS_USB = NO;
				ENABLE_USER_SELECTED_FILES = readwrite;
				GCC_C_LANGUAGE_STANDARD = gnu17;
				INFOPLIST_FILE = Info.plist;
				INFOPLIST_KEY_NSHumanReadableCopyright = "";
				LD_RUNPATH_SEARCH_PATHS = (
					"$(inherited)",
					"@executable_path/../Frameworks",
				);
				LOCALIZATION_PREFERS_STRING_CATALOGS = YES;
				MACOSX_DEPLOYMENT_TARGET = 15.6;
				MARKETING_VERSION = 1.0;
				MTL_FAST_MATH = YES;
				PRODUCT_BUNDLE_IDENTIFIER = honghaoliu.AssetManager;
				PRODUCT_NAME = "$(TARGET_NAME)";
				REGISTER_APP_GROUPS = YES;
				RUNTIME_EXCEPTION_ALLOW_DYLD_ENVIRONMENT_VARIABLES = NO;
				RUNTIME_EXCEPTION_ALLOW_JIT = NO;
				RUNTIME_EXCEPTION_ALLOW_UNSIGNED_EXECUTABLE_MEMORY = NO;
				RUNTIME_EXCEPTION_DEBUGGING_TOOL = NO;
				RUNTIME_EXCEPTION_DISABLE_EXECUTABLE_PAGE_PROTECTION = NO;
				RUNTIME_EXCEPTION_DISABLE_LIBRARY_VALIDATION = NO;
				SDKROOT = macosx;
				STRING_CATALOG_GENERATE_SYMBOLS = YES;
				SWIFT_APPROACHABLE_CONCURRENCY = YES;
				SWIFT_DEFAULT_ACTOR_ISOLATION = MainActor;
				SWIFT_EMIT_LOC_STRINGS = YES;
				SWIFT_UPCOMING_FEATURE_MEMBER_IMPORT_VISIBILITY = YES;
				SWIFT_VERSION = 5.0;
			};
			name = Release;
		};
		D036C3922FA4C958007F6BC1 /* Debug */ = {
			isa = XCBuildConfiguration;
			buildSettings = {
				BUNDLE_LOADER = "$(TEST_HOST)";
				CLANG_ANALYZER_NONNULL = YES;
				CLANG_ANALYZER_NUMBER_OBJECT_CONVERSION = YES_AGGRESSIVE;
				CLANG_CXX_LANGUAGE_STANDARD = "gnu++20";
				CLANG_ENABLE_OBJC_WEAK = YES;
				CLANG_WARN_DIRECT_OBJC_ISA_USAGE = YES_ERROR;
				CLANG_WARN_DOCUMENTATION_COMMENTS = YES;
				CLANG_WARN_OBJC_ROOT_CLASS = YES_ERROR;
				CLANG_WARN_UNGUARDED_AVAILABILITY = YES_AGGRESSIVE;
				CODE_SIGN_STYLE = Automatic;
				CURRENT_PROJECT_VERSION = 1;
				DEVELOPMENT_TEAM = 2DC8PW8GNZ;
				GCC_C_LANGUAGE_STANDARD = gnu17;
				GENERATE_INFOPLIST_FILE = YES;
				LOCALIZATION_PREFERS_STRING_CATALOGS = YES;
				MACOSX_DEPLOYMENT_TARGET = 15.6;
				MARKETING_VERSION = 1.0;
				MTL_FAST_MATH = YES;
				PRODUCT_BUNDLE_IDENTIFIER = honghaoliu.AssetManagerTests;
				PRODUCT_NAME = "$(TARGET_NAME)";
				SDKROOT = macosx;
				STRING_CATALOG_GENERATE_SYMBOLS = NO;
				SWIFT_ACTIVE_COMPILATION_CONDITIONS = "DEBUG $(inherited)";
				SWIFT_APPROACHABLE_CONCURRENCY = YES;
				SWIFT_EMIT_LOC_STRINGS = NO;
				SWIFT_OPTIMIZATION_LEVEL = "-Onone";
				SWIFT_UPCOMING_FEATURE_MEMBER_IMPORT_VISIBILITY = YES;
				SWIFT_VERSION = 5.0;
				TEST_HOST = "$(BUILT_PRODUCTS_DIR)/AssetManager.app/$(BUNDLE_EXECUTABLE_FOLDER_PATH)/AssetManager";
			};
			name = Debug;
		};
		D036C3932FA4C958007F6BC1 /* Release */ = {
			isa = XCBuildConfiguration;
			buildSettings = {
				BUNDLE_LOADER = "$(TEST_HOST)";
				CLANG_ANALYZER_NONNULL = YES;
				CLANG_ANALYZER_NUMBER_OBJECT_CONVERSION = YES_AGGRESSIVE;
				CLANG_CXX_LANGUAGE_STANDARD = "gnu++20";
				CLANG_ENABLE_OBJC_WEAK = YES;
				CLANG_WARN_DIRECT_OBJC_ISA_USAGE = YES_ERROR;
				CLANG_WARN_DOCUMENTATION_COMMENTS = YES;
				CLANG_WARN_OBJC_ROOT_CLASS = YES_ERROR;
				CLANG_WARN_UNGUARDED_AVAILABILITY = YES_AGGRESSIVE;
				CODE_SIGN_STYLE = Automatic;
				CURRENT_PROJECT_VERSION = 1;
				DEVELOPMENT_TEAM = 2DC8PW8GNZ;
				GCC_C_LANGUAGE_STANDARD = gnu17;
				GENERATE_INFOPLIST_FILE = YES;
				LOCALIZATION_PREFERS_STRING_CATALOGS = YES;
				MACOSX_DEPLOYMENT_TARGET = 15.6;
				MARKETING_VERSION = 1.0;
				MTL_FAST_MATH = YES;
				PRODUCT_BUNDLE_IDENTIFIER = honghaoliu.AssetManagerTests;
				PRODUCT_NAME = "$(TARGET_NAME)";
				SDKROOT = macosx;
				STRING_CATALOG_GENERATE_SYMBOLS = NO;
				SWIFT_APPROACHABLE_CONCURRENCY = YES;
				SWIFT_EMIT_LOC_STRINGS = NO;
				SWIFT_UPCOMING_FEATURE_MEMBER_IMPORT_VISIBILITY = YES;
				SWIFT_VERSION = 5.0;
				TEST_HOST = "$(BUILT_PRODUCTS_DIR)/AssetManager.app/$(BUNDLE_EXECUTABLE_FOLDER_PATH)/AssetManager";
			};
			name = Release;
		};
		D036C3952FA4C958007F6BC1 /* Debug */ = {
			isa = XCBuildConfiguration;
			buildSettings = {
				CLANG_ANALYZER_NONNULL = YES;
				CLANG_ANALYZER_NUMBER_OBJECT_CONVERSION = YES_AGGRESSIVE;
				CLANG_CXX_LANGUAGE_STANDARD = "gnu++20";
				CLANG_ENABLE_OBJC_WEAK = YES;
				CLANG_WARN_DIRECT_OBJC_ISA_USAGE = YES_ERROR;
				CLANG_WARN_DOCUMENTATION_COMMENTS = YES;
				CLANG_WARN_OBJC_ROOT_CLASS = YES_ERROR;
				CLANG_WARN_UNGUARDED_AVAILABILITY = YES_AGGRESSIVE;
				CODE_SIGN_STYLE = Automatic;
				CURRENT_PROJECT_VERSION = 1;
				DEVELOPMENT_TEAM = 2DC8PW8GNZ;
				GCC_C_LANGUAGE_STANDARD = gnu17;
				GENERATE_INFOPLIST_FILE = YES;
				LOCALIZATION_PREFERS_STRING_CATALOGS = YES;
				MACOSX_DEPLOYMENT_TARGET = 15.6;
				MARKETING_VERSION = 1.0;
				MTL_FAST_MATH = YES;
				PRODUCT_BUNDLE_IDENTIFIER = honghaoliu.AssetManagerUITests;
				PRODUCT_NAME = "$(TARGET_NAME)";
				SDKROOT = macosx;
				STRING_CATALOG_GENERATE_SYMBOLS = NO;
				SWIFT_ACTIVE_COMPILATION_CONDITIONS = "DEBUG $(inherited)";
				SWIFT_APPROACHABLE_CONCURRENCY = YES;
				SWIFT_EMIT_LOC_STRINGS = NO;
				SWIFT_OPTIMIZATION_LEVEL = "-Onone";
				SWIFT_UPCOMING_FEATURE_MEMBER_IMPORT_VISIBILITY = YES;
				SWIFT_VERSION = 5.0;
				TEST_TARGET_NAME = AssetManager;
			};
			name = Debug;
		};
		D036C3962FA4C958007F6BC1 /* Release */ = {
			isa = XCBuildConfiguration;
			buildSettings = {
				CLANG_ANALYZER_NONNULL = YES;
				CLANG_ANALYZER_NUMBER_OBJECT_CONVERSION = YES_AGGRESSIVE;
				CLANG_CXX_LANGUAGE_STANDARD = "gnu++20";
				CLANG_ENABLE_OBJC_WEAK = YES;
				CLANG_WARN_DIRECT_OBJC_ISA_USAGE = YES_ERROR;
				CLANG_WARN_DOCUMENTATION_COMMENTS = YES;
				CLANG_WARN_OBJC_ROOT_CLASS = YES_ERROR;
				CLANG_WARN_UNGUARDED_AVAILABILITY = YES_AGGRESSIVE;
				CODE_SIGN_STYLE = Automatic;
				CURRENT_PROJECT_VERSION = 1;
				DEVELOPMENT_TEAM = 2DC8PW8GNZ;
				GCC_C_LANGUAGE_STANDARD = gnu17;
				GENERATE_INFOPLIST_FILE = YES;
				LOCALIZATION_PREFERS_STRING_CATALOGS = YES;
				MACOSX_DEPLOYMENT_TARGET = 15.6;
				MARKETING_VERSION = 1.0;
				MTL_FAST_MATH = YES;
				PRODUCT_BUNDLE_IDENTIFIER = honghaoliu.AssetManagerUITests;
				PRODUCT_NAME = "$(TARGET_NAME)";
				SDKROOT = macosx;
				STRING_CATALOG_GENERATE_SYMBOLS = NO;
				SWIFT_APPROACHABLE_CONCURRENCY = YES;
				SWIFT_EMIT_LOC_STRINGS = NO;
				SWIFT_UPCOMING_FEATURE_MEMBER_IMPORT_VISIBILITY = YES;
				SWIFT_VERSION = 5.0;
				TEST_TARGET_NAME = AssetManager;
			};
			name = Release;
		};
		L01 /* Debug */ = {
			isa = XCBuildConfiguration;
			buildSettings = {
				ALWAYS_SEARCH_USER_PATHS = NO;
				ASSETCATALOG_COMPILER_GENERATE_SWIFT_ASSET_SYMBOL_EXTENSIONS = YES;
				CLANG_ANALYZER_LOCALIZABILITY_NONLOCALIZED = YES;
				CLANG_ENABLE_MODULES = YES;
				CLANG_ENABLE_OBJC_ARC = YES;
				CLANG_WARN_BLOCK_CAPTURE_AUTORELEASING = YES;
				CLANG_WARN_BOOL_CONVERSION = YES;
				CLANG_WARN_COMMA = YES;
				CLANG_WARN_CONSTANT_CONVERSION = YES;
				CLANG_WARN_DEPRECATED_OBJC_IMPLEMENTATIONS = YES;
				CLANG_WARN_EMPTY_BODY = YES;
				CLANG_WARN_ENUM_CONVERSION = YES;
				CLANG_WARN_INFINITE_RECURSION = YES;
				CLANG_WARN_INT_CONVERSION = YES;
				CLANG_WARN_NON_LITERAL_NULL_CONVERSION = YES;
				CLANG_WARN_OBJC_IMPLICIT_RETAIN_SELF = YES;
				CLANG_WARN_OBJC_LITERAL_CONVERSION = YES;
				CLANG_WARN_QUOTED_INCLUDE_IN_FRAMEWORK_HEADER = YES;
				CLANG_WARN_RANGE_LOOP_ANALYSIS = YES;
				CLANG_WARN_STRICT_PROTOTYPES = YES;
				CLANG_WARN_SUSPICIOUS_MOVE = YES;
				CLANG_WARN_UNREACHABLE_CODE = YES;
				CLANG_WARN__DUPLICATE_METHOD_MATCH = YES;
				COPY_PHASE_STRIP = NO;
				DEBUG_INFORMATION_FORMAT = dwarf;
				ENABLE_STRICT_OBJC_MSGSEND = YES;
				ENABLE_TESTABILITY = YES;
				ENABLE_USER_SCRIPT_SANDBOXING = YES;
				GCC_DYNAMIC_NO_PIC = NO;
				GCC_NO_COMMON_BLOCKS = YES;
				GCC_OPTIMIZATION_LEVEL = 0;
				GCC_PREPROCESSOR_DEFINITIONS = (
					"DEBUG=1",
					"$(inherited)",
				);
				GCC_WARN_64_TO_32_BIT_CONVERSION = YES;
				GCC_WARN_ABOUT_RETURN_TYPE = YES_ERROR;
				GCC_WARN_UNDECLARED_SELECTOR = YES;
				GCC_WARN_UNINITIALIZED_AUTOS = YES_AGGRESSIVE;
				GCC_WARN_UNUSED_FUNCTION = YES;
				GCC_WARN_UNUSED_VARIABLE = YES;
				MTL_ENABLE_DEBUG_INFO = INCLUDE_SOURCE;
				ONLY_ACTIVE_ARCH = YES;
				SDKROOT = iphoneos;
				STRING_CATALOG_GENERATE_SYMBOLS = YES;
			};
			name = Debug;
		};
		L02 /* Release */ = {
			isa = XCBuildConfiguration;
			buildSettings = {
				ALWAYS_SEARCH_USER_PATHS = NO;
				ASSETCATALOG_COMPILER_GENERATE_SWIFT_ASSET_SYMBOL_EXTENSIONS = YES;
				CLANG_ANALYZER_LOCALIZABILITY_NONLOCALIZED = YES;
				CLANG_ENABLE_MODULES = YES;
				CLANG_ENABLE_OBJC_ARC = YES;
				CLANG_WARN_BLOCK_CAPTURE_AUTORELEASING = YES;
				CLANG_WARN_BOOL_CONVERSION = YES;
				CLANG_WARN_COMMA = YES;
				CLANG_WARN_CONSTANT_CONVERSION = YES;
				CLANG_WARN_DEPRECATED_OBJC_IMPLEMENTATIONS = YES;
				CLANG_WARN_EMPTY_BODY = YES;
				CLANG_WARN_ENUM_CONVERSION = YES;
				CLANG_WARN_INFINITE_RECURSION = YES;
				CLANG_WARN_INT_CONVERSION = YES;
				CLANG_WARN_NON_LITERAL_NULL_CONVERSION = YES;
				CLANG_WARN_OBJC_IMPLICIT_RETAIN_SELF = YES;
				CLANG_WARN_OBJC_LITERAL_CONVERSION = YES;
				CLANG_WARN_QUOTED_INCLUDE_IN_FRAMEWORK_HEADER = YES;
				CLANG_WARN_RANGE_LOOP_ANALYSIS = YES;
				CLANG_WARN_STRICT_PROTOTYPES = YES;
				CLANG_WARN_SUSPICIOUS_MOVE = YES;
				CLANG_WARN_UNREACHABLE_CODE = YES;
				CLANG_WARN__DUPLICATE_METHOD_MATCH = YES;
				COPY_PHASE_STRIP = NO;
				DEBUG_INFORMATION_FORMAT = "dwarf-with-dsym";
				ENABLE_NS_ASSERTIONS = NO;
				ENABLE_STRICT_OBJC_MSGSEND = YES;
				ENABLE_USER_SCRIPT_SANDBOXING = YES;
				GCC_NO_COMMON_BLOCKS = YES;
				GCC_WARN_64_TO_32_BIT_CONVERSION = YES;
				GCC_WARN_ABOUT_RETURN_TYPE = YES_ERROR;
				GCC_WARN_UNDECLARED_SELECTOR = YES;
				GCC_WARN_UNINITIALIZED_AUTOS = YES_AGGRESSIVE;
				GCC_WARN_UNUSED_FUNCTION = YES;
				GCC_WARN_UNUSED_VARIABLE = YES;
				MTL_ENABLE_DEBUG_INFO = NO;
				SDKROOT = iphoneos;
				STRING_CATALOG_GENERATE_SYMBOLS = YES;
				SWIFT_COMPILATION_MODE = wholemodule;
				SWIFT_OPTIMIZATION_LEVEL = "-Owholemodule";
				VALIDATE_PRODUCT = YES;
			};
			name = Release;
		};
		M01 /* Debug */ = {
			isa = XCBuildConfiguration;
			buildSettings = {
				ASSETCATALOG_COMPILER_APPICON_NAME = AppIcon;
				ASSETCATALOG_COMPILER_INCLUDE_ALL_APPICON_ASSETS = NO;
				CODE_SIGN_STYLE = Automatic;
				CURRENT_PROJECT_VERSION = 1;
				DEVELOPMENT_TEAM = 2DC8PW8GNZ;
				GCC_OPTIMIZATION_LEVEL = 3;
				GENERATE_INFOPLIST_FILE = YES;
				INFOPLIST_KEY_CFBundleDisplayName = AssetScanner;
				INFOPLIST_KEY_NSHumanReadableCopyright = "";
				INFOPLIST_KEY_UILaunchStoryboardName = "";
				IPHONEOS_DEPLOYMENT_TARGET = 26.0;
				MARKETING_VERSION = 1.0;
				PRODUCT_BUNDLE_IDENTIFIER = com.user.AssetsScanner;
				PRODUCT_NAME = "$(TARGET_NAME)";
				SUPPORTED_PLATFORMS = "iphoneos iphonesimulator";
				SUPPORTS_MACCATALYST = NO;
				SUPPORTS_MAC_DESIGNED_FOR_IPHONE_IPAD = NO;
				SUPPORTS_XR_DESIGNED_FOR_IPHONE_IPAD = NO;
				SWIFT_EMIT_LOC_STRINGS = YES;
				SWIFT_VERSION = 5.0;
				TARGETED_DEVICE_FAMILY = 1;
			};
			name = Debug;
		};
		M02 /* Release */ = {
			isa = XCBuildConfiguration;
			buildSettings = {
				ASSETCATALOG_COMPILER_APPICON_NAME = AppIcon;
				ASSETCATALOG_COMPILER_INCLUDE_ALL_APPICON_ASSETS = NO;
				CODE_SIGN_STYLE = Automatic;
				CURRENT_PROJECT_VERSION = 1;
				DEVELOPMENT_TEAM = 2DC8PW8GNZ;
				GCC_OPTIMIZATION_LEVEL = 0;
				GENERATE_INFOPLIST_FILE = YES;
				INFOPLIST_KEY_CFBundleDisplayName = AssetScanner;
				INFOPLIST_KEY_CFBundleLocalizations = "zh-Hans en";
				MARKETING_VERSION = 1.0;
				PRODUCT_BUNDLE_IDENTIFIER = com.user.AssetsScanner;
				PRODUCT_NAME = "$(TARGET_NAME)";
				SUPPORTED_PLATFORMS = "iphoneos iphonesimulator";
				SUPPORTS_MACCATALYST = NO;
				SUPPORTS_MAC_DESIGNED_FOR_IPHONE_IPAD = NO;
				SUPPORTS_XR_DESIGNED_FOR_IPHONE_IPAD = NO;
				SWIFT_EMIT_LOC_STRINGS = YES;
				SWIFT_VERSION = 5.0;
				TARGETED_DEVICE_FAMILY = 1;
			};
			name = Release;
		};
/* End XCBuildConfiguration section */

/* Begin XCConfigurationList section */
		D036C38E2FA4C958007F6BC1 /* Build configuration list for PBXNativeTarget "AssetManager" */ = {
			isa = XCConfigurationList;
			buildConfigurations = (
				D036C38F2FA4C958007F6BC1 /* Debug */,
				D036C3902FA4C958007F6BC1 /* Release */,
			);
			defaultConfigurationIsVisible = 0;
			defaultConfigurationName = Release;
		};
		D036C3912FA4C958007F6BC1 /* Build configuration list for PBXNativeTarget "AssetManagerTests" */ = {
			isa = XCConfigurationList;
			buildConfigurations = (
				D036C3922FA4C958007F6BC1 /* Debug */,
				D036C3932FA4C958007F6BC1 /* Release */,
			);
			defaultConfigurationIsVisible = 0;
			defaultConfigurationName = Release;
		};
		D036C3942FA4C958007F6BC1 /* Build configuration list for PBXNativeTarget "AssetManagerUITests" */ = {
			isa = XCConfigurationList;
			buildConfigurations = (
				D036C3952FA4C958007F6BC1 /* Debug */,
				D036C3962FA4C958007F6BC1 /* Release */,
			);
			defaultConfigurationIsVisible = 0;
			defaultConfigurationName = Release;
		};
		G01 /* Build configuration list for PBXNativeTarget "AssetScanner" */ = {
			isa = XCConfigurationList;
			buildConfigurations = (
				M01 /* Debug */,
				M02 /* Release */,
			);
			defaultConfigurationIsVisible = 0;
			defaultConfigurationName = Release;
		};
		K01 /* Build configuration list for PBXProject "AssetScanner" */ = {
			isa = XCConfigurationList;
			buildConfigurations = (
				L01 /* Debug */,
				L02 /* Release */,
			);
			defaultConfigurationIsVisible = 0;
			defaultConfigurationName = Release;
		};
/* End XCConfigurationList section */
	};
	rootObject = J01 /* Project object */;
}
